// !$*UTF8*$!
{
	archiveVersion = 1;
	classes = {
	};
	objectVersion = 55;
	objects = {

/* Begin PBXBuildFile section */
		1D93B76528AE622600D11CA4 /* AppDelegate.swift in Sources */ = {isa = PBXBuildFile; fileRef = 1D93B76428AE622600D11CA4 /* AppDelegate.swift */; };
		1D93B76728AE622600D11CA4 /* SceneDelegate.swift in Sources */ = {isa = PBXBuildFile; fileRef = 1D93B76628AE622600D11CA4 /* SceneDelegate.swift */; };
		1D93B76C28AE622600D11CA4 /* Main.storyboard in Resources */ = {isa = PBXBuildFile; fileRef = 1D93B76A28AE622600D11CA4 /* Main.storyboard */; };
		1D93B76F28AE622600D11CA4 /* GitUser.xcdatamodeld in Sources */ = {isa = PBXBuildFile; fileRef = 1D93B76D28AE622600D11CA4 /* GitUser.xcdatamodeld */; };
		1D93B77128AE622B00D11CA4 /* Assets.xcassets in Resources */ = {isa = PBXBuildFile; fileRef = 1D93B77028AE622B00D11CA4 /* Assets.xcassets */; };
		1D93B77428AE622B00D11CA4 /* LaunchScreen.storyboard in Resources */ = {isa = PBXBuildFile; fileRef = 1D93B77228AE622B00D11CA4 /* LaunchScreen.storyboard */; };
		1D93B77F28AE622B00D11CA4 /* GitUserTests.swift in Sources */ = {isa = PBXBuildFile; fileRef = 1D93B77E28AE622B00D11CA4 /* GitUserTests.swift */; };
		1D93B78928AE622B00D11CA4 /* GitUserUITests.swift in Sources */ = {isa = PBXBuildFile; fileRef = 1D93B78828AE622B00D11CA4 /* GitUserUITests.swift */; };
		1D93B78B28AE622B00D11CA4 /* GitUserUITestsLaunchTests.swift in Sources */ = {isa = PBXBuildFile; fileRef = 1D93B78A28AE622B00D11CA4 /* GitUserUITestsLaunchTests.swift */; };
		1D93B7A528AE645B00D11CA4 /* User.swift in Sources */ = {isa = PBXBuildFile; fileRef = 1D93B7A428AE645B00D11CA4 /* User.swift */; };
		1D93B7A728AE649500D11CA4 /* BaseEntity.swift in Sources */ = {isa = PBXBuildFile; fileRef = 1D93B7A628AE649500D11CA4 /* BaseEntity.swift */; };
		1D93B7A928AE64B600D11CA4 /* FollowersFollowingCell.swift in Sources */ = {isa = PBXBuildFile; fileRef = 1D93B7A828AE64B600D11CA4 /* FollowersFollowingCell.swift */; };
		1D93B7AB28AE64ED00D11CA4 /* BaseVM.swift in Sources */ = {isa = PBXBuildFile; fileRef = 1D93B7AA28AE64ED00D11CA4 /* BaseVM.swift */; };
		1D93B7AD28AE658100D11CA4 /* SearchForUserVM.swift in Sources */ = {isa = PBXBuildFile; fileRef = 1D93B7AC28AE658100D11CA4 /* SearchForUserVM.swift */; };
		1D93B7AF28AE659600D11CA4 /* UserInfoVM.swift in Sources */ = {isa = PBXBuildFile; fileRef = 1D93B7AE28AE659600D11CA4 /* UserInfoVM.swift */; };
		1D93B7B128AE65BF00D11CA4 /* FollowersFollowingVM.swift in Sources */ = {isa = PBXBuildFile; fileRef = 1D93B7B028AE65BF00D11CA4 /* FollowersFollowingVM.swift */; };
		1D93B7B328AE65E800D11CA4 /* SearchForUserVC.swift in Sources */ = {isa = PBXBuildFile; fileRef = 1D93B7B228AE65E800D11CA4 /* SearchForUserVC.swift */; };
		1D93B7B628AE662400D11CA4 /* SavedUser+CoreDataClass.swift in Sources */ = {isa = PBXBuildFile; fileRef = 1D93B7B428AE662400D11CA4 /* SavedUser+CoreDataClass.swift */; };
		1D93B7B728AE662400D11CA4 /* SavedUser+CoreDataProperties.swift in Sources */ = {isa = PBXBuildFile; fileRef = 1D93B7B528AE662400D11CA4 /* SavedUser+CoreDataProperties.swift */; };
		1D93B7B928AE664300D11CA4 /* UserInfoVC.swift in Sources */ = {isa = PBXBuildFile; fileRef = 1D93B7B828AE664300D11CA4 /* UserInfoVC.swift */; };
		1D93B7BB28AE665700D11CA4 /* FollowersFollowingsListVC.swift in Sources */ = {isa = PBXBuildFile; fileRef = 1D93B7BA28AE665700D11CA4 /* FollowersFollowingsListVC.swift */; };
		1D93B7BE28AE667900D11CA4 /* CoreDataManager.swift in Sources */ = {isa = PBXBuildFile; fileRef = 1D93B7BD28AE667900D11CA4 /* CoreDataManager.swift */; };
		1D93B7C128AE66A400D11CA4 /* Extension.swift in Sources */ = {isa = PBXBuildFile; fileRef = 1D93B7C028AE66A400D11CA4 /* Extension.swift */; };
		1D93B7C328AE66C000D11CA4 /* LoaderUtility.swift in Sources */ = {isa = PBXBuildFile; fileRef = 1D93B7C228AE66C000D11CA4 /* LoaderUtility.swift */; };
		1D93B7C528AE66FC00D11CA4 /* ThemeApp.swift in Sources */ = {isa = PBXBuildFile; fileRef = 1D93B7C428AE66FC00D11CA4 /* ThemeApp.swift */; };
		1D93B7C728AE672500D11CA4 /* Constants.swift in Sources */ = {isa = PBXBuildFile; fileRef = 1D93B7C628AE672500D11CA4 /* Constants.swift */; };
		1D93B7CA28AE675100D11CA4 /* API.swift in Sources */ = {isa = PBXBuildFile; fileRef = 1D93B7C928AE675100D11CA4 /* API.swift */; };
		1D93B7CC28AE676400D11CA4 /* Communication.swift in Sources */ = {isa = PBXBuildFile; fileRef = 1D93B7CB28AE676400D11CA4 /* Communication.swift */; };
		1D93B7CF28AE679C00D11CA4 /* Poppins-Bold.ttf in Resources */ = {isa = PBXBuildFile; fileRef = 1D93B7CE28AE679C00D11CA4 /* Poppins-Bold.ttf */; };
		1D93B7D128AE67A400D11CA4 /* Poppins-Light.ttf in Resources */ = {isa = PBXBuildFile; fileRef = 1D93B7D028AE67A400D11CA4 /* Poppins-Light.ttf */; };
		1D93B7D328AE67AC00D11CA4 /* Poppins-Medium.ttf in Resources */ = {isa = PBXBuildFile; fileRef = 1D93B7D228AE67AC00D11CA4 /* Poppins-Medium.ttf */; };
		1D93B7D528AE67B500D11CA4 /* Poppins-Regular.ttf in Resources */ = {isa = PBXBuildFile; fileRef = 1D93B7D428AE67B500D11CA4 /* Poppins-Regular.ttf */; };
		1D93B7D728AE67BE00D11CA4 /* Poppins-SemiBold.ttf in Resources */ = {isa = PBXBuildFile; fileRef = 1D93B7D628AE67BE00D11CA4 /* Poppins-SemiBold.ttf */; };
		8898D3029E143556ED605916 /* Pods_GitUser.framework in Frameworks */ = {isa = PBXBuildFile; fileRef = E237E8E1CBA3BE6C7BCFF3B9 /* Pods_GitUser.framework */; };
		C9888A302F197AD7A1B879CE /* Pods_GitUser_GitUserUITests.framework in Frameworks */ = {isa = PBXBuildFile; fileRef = 2F86D2F5BD26A6BE77206929 /* Pods_GitUser_GitUserUITests.framework */; };
		ED461B80595CB494053E4ABA /* Pods_GitUserTests.framework in Frameworks */ = {isa = PBXBuildFile; fileRef = 2C0ED03D046A502AD1BA242F /* Pods_GitUserTests.framework */; };
/* End PBXBuildFile section */

/* Begin PBXContainerItemProxy section */
		1D93B77B28AE622B00D11CA4 /* PBXContainerItemProxy */ = {
			isa = PBXContainerItemProxy;
			containerPortal = 1D93B75928AE622600D11CA4 /* Project object */;
			proxyType = 1;
			remoteGlobalIDString = 1D93B76028AE622600D11CA4;
			remoteInfo = GitUser;
		};
		1D93B78528AE622B00D11CA4 /* PBXContainerItemProxy */ = {
			isa = PBXContainerItemProxy;
			containerPortal = 1D93B75928AE622600D11CA4 /* Project object */;
			proxyType = 1;
			remoteGlobalIDString = 1D93B76028AE622600D11CA4;
			remoteInfo = GitUser;
		};
/* End PBXContainerItemProxy section */

/* Begin PBXFileReference section */
		1D93B76128AE622600D11CA4 /* GitUser.app */ = {isa = PBXFileReference; explicitFileType = wrapper.application; includeInIndex = 0; path = GitUser.app; sourceTree = BUILT_PRODUCTS_DIR; };
		1D93B76428AE622600D11CA4 /* AppDelegate.swift */ = {isa = PBXFileReference; lastKnownFileType = sourcecode.swift; path = AppDelegate.swift; sourceTree = "<group>"; };
		1D93B76628AE622600D11CA4 /* SceneDelegate.swift */ = {isa = PBXFileReference; lastKnownFileType = sourcecode.swift; path = SceneDelegate.swift; sourceTree = "<group>"; };
		1D93B76B28AE622600D11CA4 /* Base */ = {isa = PBXFileReference; lastKnownFileType = file.storyboard; name = Base; path = Base.lproj/Main.storyboard; sourceTree = "<group>"; };
		1D93B76E28AE622600D11CA4 /* GitUser.xcdatamodel */ = {isa = PBXFileReference; lastKnownFileType = wrapper.xcdatamodel; path = GitUser.xcdatamodel; sourceTree = "<group>"; };
		1D93B77028AE622B00D11CA4 /* Assets.xcassets */ = {isa = PBXFileReference; lastKnownFileType = folder.assetcatalog; path = Assets.xcassets; sourceTree = "<group>"; };
		1D93B77328AE622B00D11CA4 /* Base */ = {isa = PBXFileReference; lastKnownFileType = file.storyboard; name = Base; path = Base.lproj/LaunchScreen.storyboard; sourceTree = "<group>"; };
		1D93B77528AE622B00D11CA4 /* Info.plist */ = {isa = PBXFileReference; lastKnownFileType = text.plist.xml; path = Info.plist; sourceTree = "<group>"; };
		1D93B77A28AE622B00D11CA4 /* GitUserTests.xctest */ = {isa = PBXFileReference; explicitFileType = wrapper.cfbundle; includeInIndex = 0; path = GitUserTests.xctest; sourceTree = BUILT_PRODUCTS_DIR; };
		1D93B77E28AE622B00D11CA4 /* GitUserTests.swift */ = {isa = PBXFileReference; lastKnownFileType = sourcecode.swift; path = GitUserTests.swift; sourceTree = "<group>"; };
		1D93B78428AE622B00D11CA4 /* GitUserUITests.xctest */ = {isa = PBXFileReference; explicitFileType = wrapper.cfbundle; includeInIndex = 0; path = GitUserUITests.xctest; sourceTree = BUILT_PRODUCTS_DIR; };
		1D93B78828AE622B00D11CA4 /* GitUserUITests.swift */ = {isa = PBXFileReference; lastKnownFileType = sourcecode.swift; path = GitUserUITests.swift; sourceTree = "<group>"; };
		1D93B78A28AE622B00D11CA4 /* GitUserUITestsLaunchTests.swift */ = {isa = PBXFileReference; lastKnownFileType = sourcecode.swift; path = GitUserUITestsLaunchTests.swift; sourceTree = "<group>"; };
		1D93B7A428AE645B00D11CA4 /* User.swift */ = {isa = PBXFileReference; lastKnownFileType = sourcecode.swift; path = User.swift; sourceTree = "<group>"; };
		1D93B7A628AE649500D11CA4 /* BaseEntity.swift */ = {isa = PBXFileReference; lastKnownFileType = sourcecode.swift; path = BaseEntity.swift; sourceTree = "<group>"; };
		1D93B7A828AE64B600D11CA4 /* FollowersFollowingCell.swift */ = {isa = PBXFileReference; lastKnownFileType = sourcecode.swift; path = FollowersFollowingCell.swift; sourceTree = "<group>"; };
		1D93B7AA28AE64ED00D11CA4 /* BaseVM.swift */ = {isa = PBXFileReference; lastKnownFileType = sourcecode.swift; path = BaseVM.swift; sourceTree = "<group>"; };
		1D93B7AC28AE658100D11CA4 /* SearchForUserVM.swift */ = {isa = PBXFileReference; lastKnownFileType = sourcecode.swift; path = SearchForUserVM.swift; sourceTree = "<group>"; };
		1D93B7AE28AE659600D11CA4 /* UserInfoVM.swift */ = {isa = PBXFileReference; lastKnownFileType = sourcecode.swift; path = UserInfoVM.swift; sourceTree = "<group>"; };
		1D93B7B028AE65BF00D11CA4 /* FollowersFollowingVM.swift */ = {isa = PBXFileReference; lastKnownFileType = sourcecode.swift; path = FollowersFollowingVM.swift; sourceTree = "<group>"; };
		1D93B7B228AE65E800D11CA4 /* SearchForUserVC.swift */ = {isa = PBXFileReference; lastKnownFileType = sourcecode.swift; path = SearchForUserVC.swift; sourceTree = "<group>"; };
		1D93B7B428AE662400D11CA4 /* SavedUser+CoreDataClass.swift */ = {isa = PBXFileReference; lastKnownFileType = sourcecode.swift; path = "SavedUser+CoreDataClass.swift"; sourceTree = SOURCE_ROOT; };
		1D93B7B528AE662400D11CA4 /* SavedUser+CoreDataProperties.swift */ = {isa = PBXFileReference; lastKnownFileType = sourcecode.swift; path = "SavedUser+CoreDataProperties.swift"; sourceTree = SOURCE_ROOT; };
		1D93B7B828AE664300D11CA4 /* UserInfoVC.swift */ = {isa = PBXFileReference; lastKnownFileType = sourcecode.swift; path = UserInfoVC.swift; sourceTree = "<group>"; };
		1D93B7BA28AE665700D11CA4 /* FollowersFollowingsListVC.swift */ = {isa = PBXFileReference; lastKnownFileType = sourcecode.swift; path = FollowersFollowingsListVC.swift; sourceTree = "<group>"; };
		1D93B7BD28AE667900D11CA4 /* CoreDataManager.swift */ = {isa = PBXFileReference; lastKnownFileType = sourcecode.swift; path = CoreDataManager.swift; sourceTree = "<group>"; };
		1D93B7C028AE66A400D11CA4 /* Extension.swift */ = {isa = PBXFileReference; lastKnownFileType = sourcecode.swift; path = Extension.swift; sourceTree = "<group>"; };
		1D93B7C228AE66C000D11CA4 /* LoaderUtility.swift */ = {isa = PBXFileReference; lastKnownFileType = sourcecode.swift; path = LoaderUtility.swift; sourceTree = "<group>"; };
		1D93B7C428AE66FC00D11CA4 /* ThemeApp.swift */ = {isa = PBXFileReference; lastKnownFileType = sourcecode.swift; path = ThemeApp.swift; sourceTree = "<group>"; };
		1D93B7C628AE672500D11CA4 /* Constants.swift */ = {isa = PBXFileReference; lastKnownFileType = sourcecode.swift; path = Constants.swift; sourceTree = "<group>"; };
		1D93B7C928AE675100D11CA4 /* API.swift */ = {isa = PBXFileReference; lastKnownFileType = sourcecode.swift; path = API.swift; sourceTree = "<group>"; };
		1D93B7CB28AE676400D11CA4 /* Communication.swift */ = {isa = PBXFileReference; lastKnownFileType = sourcecode.swift; path = Communication.swift; sourceTree = "<group>"; };
		1D93B7CE28AE679C00D11CA4 /* Poppins-Bold.ttf */ = {isa = PBXFileReference; lastKnownFileType = file; path = "Poppins-Bold.ttf"; sourceTree = "<group>"; };
		1D93B7D028AE67A400D11CA4 /* Poppins-Light.ttf */ = {isa = PBXFileReference; lastKnownFileType = file; path = "Poppins-Light.ttf"; sourceTree = "<group>"; };
		1D93B7D228AE67AC00D11CA4 /* Poppins-Medium.ttf */ = {isa = PBXFileReference; lastKnownFileType = file; path = "Poppins-Medium.ttf"; sourceTree = "<group>"; };
		1D93B7D428AE67B500D11CA4 /* Poppins-Regular.ttf */ = {isa = PBXFileReference; lastKnownFileType = file; path = "Poppins-Regular.ttf"; sourceTree = "<group>"; };
		1D93B7D628AE67BE00D11CA4 /* Poppins-SemiBold.ttf */ = {isa = PBXFileReference; lastKnownFileType = file; path = "Poppins-SemiBold.ttf"; sourceTree = "<group>"; };
		29AA4B75094AEB7182E7FCDA /* Pods-GitUser.release.xcconfig */ = {isa = PBXFileReference; includeInIndex = 1; lastKnownFileType = text.xcconfig; name = "Pods-GitUser.release.xcconfig"; path = "Target Support Files/Pods-GitUser/Pods-GitUser.release.xcconfig"; sourceTree = "<group>"; };
		2C0ED03D046A502AD1BA242F /* Pods_GitUserTests.framework */ = {isa = PBXFileReference; explicitFileType = wrapper.framework; includeInIndex = 0; path = Pods_GitUserTests.framework; sourceTree = BUILT_PRODUCTS_DIR; };
		2F86D2F5BD26A6BE77206929 /* Pods_GitUser_GitUserUITests.framework */ = {isa = PBXFileReference; explicitFileType = wrapper.framework; includeInIndex = 0; path = Pods_GitUser_GitUserUITests.framework; sourceTree = BUILT_PRODUCTS_DIR; };
		70C83615526D86F3D58E203B /* Pods-GitUserTests.release.xcconfig */ = {isa = PBXFileReference; includeInIndex = 1; lastKnownFileType = text.xcconfig; name = "Pods-GitUserTests.release.xcconfig"; path = "Target Support Files/Pods-GitUserTests/Pods-GitUserTests.release.xcconfig"; sourceTree = "<group>"; };
		769D0F6F6DFFE000019588B6 /* Pods-GitUser-GitUserUITests.debug.xcconfig */ = {isa = PBXFileReference; includeInIndex = 1; lastKnownFileType = text.xcconfig; name = "Pods-GitUser-GitUserUITests.debug.xcconfig"; path = "Target Support Files/Pods-GitUser-GitUserUITests/Pods-GitUser-GitUserUITests.debug.xcconfig"; sourceTree = "<group>"; };
		7A68EA0615422A576ADA079E /* Pods-GitUser.debug.xcconfig */ = {isa = PBXFileReference; includeInIndex = 1; lastKnownFileType = text.xcconfig; name = "Pods-GitUser.debug.xcconfig"; path = "Target Support Files/Pods-GitUser/Pods-GitUser.debug.xcconfig"; sourceTree = "<group>"; };
		E237E8E1CBA3BE6C7BCFF3B9 /* Pods_GitUser.framework */ = {isa = PBXFileReference; explicitFileType = wrapper.framework; includeInIndex = 0; path = Pods_GitUser.framework; sourceTree = BUILT_PRODUCTS_DIR; };
		F2E4BACE3F6C8842A14E4DA9 /* Pods-GitUser-GitUserUITests.release.xcconfig */ = {isa = PBXFileReference; includeInIndex = 1; lastKnownFileType = text.xcconfig; name = "Pods-GitUser-GitUserUITests.release.xcconfig"; path = "Target Support Files/Pods-GitUser-GitUserUITests/Pods-GitUser-GitUserUITests.release.xcconfig"; sourceTree = "<group>"; };
		F6118F1AA0B20FA57E02C34D /* Pods-GitUserTests.debug.xcconfig */ = {isa = PBXFileReference; includeInIndex = 1; lastKnownFileType = text.xcconfig; name = "Pods-GitUserTests.debug.xcconfig"; path = "Target Support Files/Pods-GitUserTests/Pods-GitUserTests.debug.xcconfig"; sourceTree = "<group>"; };
/* End PBXFileReference section */

/* Begin PBXFrameworksBuildPhase section */
		1D93B75E28AE622600D11CA4 /* Frameworks */ = {
			isa = PBXFrameworksBuildPhase;
			buildActionMask = 2147483647;
			files = (
				8898D3029E143556ED605916 /* Pods_GitUser.framework in Frameworks */,
			);
			runOnlyForDeploymentPostprocessing = 0;
		};
		1D93B77728AE622B00D11CA4 /* Frameworks */ = {
			isa = PBXFrameworksBuildPhase;
			buildActionMask = 2147483647;
			files = (
				ED461B80595CB494053E4ABA /* Pods_GitUserTests.framework in Frameworks */,
			);
			runOnlyForDeploymentPostprocessing = 0;
		};
		1D93B78128AE622B00D11CA4 /* Frameworks */ = {
			isa = PBXFrameworksBuildPhase;
			buildActionMask = 2147483647;
			files = (
				C9888A302F197AD7A1B879CE /* Pods_GitUser_GitUserUITests.framework in Frameworks */,
			);
			runOnlyForDeploymentPostprocessing = 0;
		};
/* End PBXFrameworksBuildPhase section */

/* Begin PBXGroup section */
		1D93B75828AE622600D11CA4 = {
			isa = PBXGroup;
			children = (
				1D93B76328AE622600D11CA4 /* GitUser */,
				1D93B77D28AE622B00D11CA4 /* GitUserTests */,
				1D93B78728AE622B00D11CA4 /* GitUserUITests */,
				1D93B76228AE622600D11CA4 /* Products */,
				66E72E1D0FCCAF6F28A384E9 /* Pods */,
				89E5B5C7F1EEBF641D825E89 /* Frameworks */,
			);
			sourceTree = "<group>";
		};
		1D93B76228AE622600D11CA4 /* Products */ = {
			isa = PBXGroup;
			children = (
				1D93B76128AE622600D11CA4 /* GitUser.app */,
				1D93B77A28AE622B00D11CA4 /* GitUserTests.xctest */,
				1D93B78428AE622B00D11CA4 /* GitUserUITests.xctest */,
			);
			name = Products;
			sourceTree = "<group>";
		};
		1D93B76328AE622600D11CA4 /* GitUser */ = {
			isa = PBXGroup;
			children = (
				1D93B79728AE631200D11CA4 /* Models */,
				1D93B79828AE631B00D11CA4 /* Views */,
				1D93B79928AE632300D11CA4 /* View Models */,
				1D93B79A28AE632E00D11CA4 /* View Controllers */,
				1D93B79B28AE633B00D11CA4 /* Manager */,
				1D93B76428AE622600D11CA4 /* AppDelegate.swift */,
				1D93B76628AE622600D11CA4 /* SceneDelegate.swift */,
				1D93B76A28AE622600D11CA4 /* Main.storyboard */,
				1D93B77028AE622B00D11CA4 /* Assets.xcassets */,
				1D93B77228AE622B00D11CA4 /* LaunchScreen.storyboard */,
				1D93B77528AE622B00D11CA4 /* Info.plist */,
			);
			path = GitUser;
			sourceTree = "<group>";
		};
		1D93B77D28AE622B00D11CA4 /* GitUserTests */ = {
			isa = PBXGroup;
			children = (
				1D93B77E28AE622B00D11CA4 /* GitUserTests.swift */,
			);
			path = GitUserTests;
			sourceTree = "<group>";
		};
		1D93B78728AE622B00D11CA4 /* GitUserUITests */ = {
			isa = PBXGroup;
			children = (
				1D93B78828AE622B00D11CA4 /* GitUserUITests.swift */,
				1D93B78A28AE622B00D11CA4 /* GitUserUITestsLaunchTests.swift */,
			);
			path = GitUserUITests;
			sourceTree = "<group>";
		};
		1D93B79728AE631200D11CA4 /* Models */ = {
			isa = PBXGroup;
			children = (
				1D93B7B428AE662400D11CA4 /* SavedUser+CoreDataClass.swift */,
				1D93B7B528AE662400D11CA4 /* SavedUser+CoreDataProperties.swift */,
				1D93B76D28AE622600D11CA4 /* GitUser.xcdatamodeld */,
				1D93B7A428AE645B00D11CA4 /* User.swift */,
				1D93B7A628AE649500D11CA4 /* BaseEntity.swift */,
			);
			path = Models;
			sourceTree = "<group>";
		};
		1D93B79828AE631B00D11CA4 /* Views */ = {
			isa = PBXGroup;
			children = (
				1D93B7A828AE64B600D11CA4 /* FollowersFollowingCell.swift */,
			);
			path = Views;
			sourceTree = "<group>";
		};
		1D93B79928AE632300D11CA4 /* View Models */ = {
			isa = PBXGroup;
			children = (
				1D93B7AA28AE64ED00D11CA4 /* BaseVM.swift */,
				1D93B7AC28AE658100D11CA4 /* SearchForUserVM.swift */,
				1D93B7AE28AE659600D11CA4 /* UserInfoVM.swift */,
				1D93B7B028AE65BF00D11CA4 /* FollowersFollowingVM.swift */,
			);
			path = "View Models";
			sourceTree = "<group>";
		};
		1D93B79A28AE632E00D11CA4 /* View Controllers */ = {
			isa = PBXGroup;
			children = (
				1D93B7B228AE65E800D11CA4 /* SearchForUserVC.swift */,
				1D93B7B828AE664300D11CA4 /* UserInfoVC.swift */,
				1D93B7BA28AE665700D11CA4 /* FollowersFollowingsListVC.swift */,
			);
			path = "View Controllers";
			sourceTree = "<group>";
		};
		1D93B79B28AE633B00D11CA4 /* Manager */ = {
			isa = PBXGroup;
			children = (
				1D93B7CD28AE677C00D11CA4 /* Fonts */,
				1D93B7C828AE674400D11CA4 /* Communication */,
				1D93B7BF28AE669600D11CA4 /* Helpers */,
				1D93B7BC28AE666B00D11CA4 /* Core Data */,
			);
			path = Manager;
			sourceTree = "<group>";
		};
		1D93B7BC28AE666B00D11CA4 /* Core Data */ = {
			isa = PBXGroup;
			children = (
				1D93B7BD28AE667900D11CA4 /* CoreDataManager.swift */,
			);
			path = "Core Data";
			sourceTree = "<group>";
		};
		1D93B7BF28AE669600D11CA4 /* Helpers */ = {
			isa = PBXGroup;
			children = (
				1D93B7C028AE66A400D11CA4 /* Extension.swift */,
				1D93B7C228AE66C000D11CA4 /* LoaderUtility.swift */,
				1D93B7C428AE66FC00D11CA4 /* ThemeApp.swift */,
				1D93B7C628AE672500D11CA4 /* Constants.swift */,
			);
			path = Helpers;
			sourceTree = "<group>";
		};
		1D93B7C828AE674400D11CA4 /* Communication */ = {
			isa = PBXGroup;
			children = (
				1D93B7C928AE675100D11CA4 /* API.swift */,
				1D93B7CB28AE676400D11CA4 /* Communication.swift */,
			);
			path = Communication;
			sourceTree = "<group>";
		};
		1D93B7CD28AE677C00D11CA4 /* Fonts */ = {
			isa = PBXGroup;
			children = (
				1D93B7CE28AE679C00D11CA4 /* Poppins-Bold.ttf */,
				1D93B7D028AE67A400D11CA4 /* Poppins-Light.ttf */,
				1D93B7D228AE67AC00D11CA4 /* Poppins-Medium.ttf */,
				1D93B7D428AE67B500D11CA4 /* Poppins-Regular.ttf */,
				1D93B7D628AE67BE00D11CA4 /* Poppins-SemiBold.ttf */,
			);
			path = Fonts;
			sourceTree = "<group>";
		};
		66E72E1D0FCCAF6F28A384E9 /* Pods */ = {
			isa = PBXGroup;
			children = (
				7A68EA0615422A576ADA079E /* Pods-GitUser.debug.xcconfig */,
				29AA4B75094AEB7182E7FCDA /* Pods-GitUser.release.xcconfig */,
				769D0F6F6DFFE000019588B6 /* Pods-GitUser-GitUserUITests.debug.xcconfig */,
				F2E4BACE3F6C8842A14E4DA9 /* Pods-GitUser-GitUserUITests.release.xcconfig */,
				F6118F1AA0B20FA57E02C34D /* Pods-GitUserTests.debug.xcconfig */,
				70C83615526D86F3D58E203B /* Pods-GitUserTests.release.xcconfig */,
			);
			path = Pods;
			sourceTree = "<group>";
		};
		89E5B5C7F1EEBF641D825E89 /* Frameworks */ = {
			isa = PBXGroup;
			children = (
				E237E8E1CBA3BE6C7BCFF3B9 /* Pods_GitUser.framework */,
				2F86D2F5BD26A6BE77206929 /* Pods_GitUser_GitUserUITests.framework */,
				2C0ED03D046A502AD1BA242F /* Pods_GitUserTests.framework */,
			);
			name = Frameworks;
			sourceTree = "<group>";
		};
/* End PBXGroup section */

/* Begin PBXNativeTarget section */
		1D93B76028AE622600D11CA4 /* GitUser */ = {
			isa = PBXNativeTarget;
			buildConfigurationList = 1D93B78E28AE622B00D11CA4 /* Build configuration list for PBXNativeTarget "GitUser" */;
			buildPhases = (
				B63D32534EB5A5E24EAA1A87 /* [CP] Check Pods Manifest.lock */,
				1D93B75D28AE622600D11CA4 /* Sources */,
				1D93B75E28AE622600D11CA4 /* Frameworks */,
				1D93B75F28AE622600D11CA4 /* Resources */,
				43EF9E93B82B1D56A7127B86 /* [CP] Embed Pods Frameworks */,
			);
			buildRules = (
			);
			dependencies = (
			);
			name = GitUser;
			productName = GitUser;
			productReference = 1D93B76128AE622600D11CA4 /* GitUser.app */;
			productType = "com.apple.product-type.application";
		};
		1D93B77928AE622B00D11CA4 /* GitUserTests */ = {
			isa = PBXNativeTarget;
			buildConfigurationList = 1D93B79128AE622B00D11CA4 /* Build configuration list for PBXNativeTarget "GitUserTests" */;
			buildPhases = (
				CC5B3AF67CBC8C762C5F46C2 /* [CP] Check Pods Manifest.lock */,
				1D93B77628AE622B00D11CA4 /* Sources */,
				1D93B77728AE622B00D11CA4 /* Frameworks */,
				1D93B77828AE622B00D11CA4 /* Resources */,
				CEDD245BDD00880282321072 /* [CP] Embed Pods Frameworks */,
			);
			buildRules = (
			);
			dependencies = (
				1D93B77C28AE622B00D11CA4 /* PBXTargetDependency */,
			);
			name = GitUserTests;
			productName = GitUserTests;
			productReference = 1D93B77A28AE622B00D11CA4 /* GitUserTests.xctest */;
			productType = "com.apple.product-type.bundle.unit-test";
		};
		1D93B78328AE622B00D11CA4 /* GitUserUITests */ = {
			isa = PBXNativeTarget;
			buildConfigurationList = 1D93B79428AE622B00D11CA4 /* Build configuration list for PBXNativeTarget "GitUserUITests" */;
			buildPhases = (
				767A6AE153954AD1B4F1B1A0 /* [CP] Check Pods Manifest.lock */,
				1D93B78028AE622B00D11CA4 /* Sources */,
				1D93B78128AE622B00D11CA4 /* Frameworks */,
				1D93B78228AE622B00D11CA4 /* Resources */,
				F4EC4C41A12D97AB98AACEF7 /* [CP] Embed Pods Frameworks */,
			);
			buildRules = (
			);
			dependencies = (
				1D93B78628AE622B00D11CA4 /* PBXTargetDependency */,
			);
			name = GitUserUITests;
			productName = GitUserUITests;
			productReference = 1D93B78428AE622B00D11CA4 /* GitUserUITests.xctest */;
			productType = "com.apple.product-type.bundle.ui-testing";
		};
/* End PBXNativeTarget section */

/* Begin PBXProject section */
		1D93B75928AE622600D11CA4 /* Project object */ = {
			isa = PBXProject;
			attributes = {
				BuildIndependentTargetsInParallel = 1;
				LastSwiftUpdateCheck = 1330;
				LastUpgradeCheck = 1330;
				TargetAttributes = {
					1D93B76028AE622600D11CA4 = {
						CreatedOnToolsVersion = 13.3.1;
					};
					1D93B77928AE622B00D11CA4 = {
						CreatedOnToolsVersion = 13.3.1;
						TestTargetID = 1D93B76028AE622600D11CA4;
					};
					1D93B78328AE622B00D11CA4 = {
						CreatedOnToolsVersion = 13.3.1;
						TestTargetID = 1D93B76028AE622600D11CA4;
					};
				};
			};
			buildConfigurationList = 1D93B75C28AE622600D11CA4 /* Build configuration list for PBXProject "GitUser" */;
			compatibilityVersion = "Xcode 13.0";
			developmentRegion = en;
			hasScannedForEncodings = 0;
			knownRegions = (
				en,
				Base,
			);
			mainGroup = 1D93B75828AE622600D11CA4;
			productRefGroup = 1D93B76228AE622600D11CA4 /* Products */;
			projectDirPath = "";
			projectRoot = "";
			targets = (
				1D93B76028AE622600D11CA4 /* GitUser */,
				1D93B77928AE622B00D11CA4 /* GitUserTests */,
				1D93B78328AE622B00D11CA4 /* GitUserUITests */,
			);
		};
/* End PBXProject section */

/* Begin PBXResourcesBuildPhase section */
		1D93B75F28AE622600D11CA4 /* Resources */ = {
			isa = PBXResourcesBuildPhase;
			buildActionMask = 2147483647;
			files = (
				1D93B77428AE622B00D11CA4 /* LaunchScreen.storyboard in Resources */,
				1D93B7D128AE67A400D11CA4 /* Poppins-Light.ttf in Resources */,
				1D93B7D528AE67B500D11CA4 /* Poppins-Regular.ttf in Resources */,
				1D93B77128AE622B00D11CA4 /* Assets.xcassets in Resources */,
				1D93B7D328AE67AC00D11CA4 /* Poppins-Medium.ttf in Resources */,
				1D93B7D728AE67BE00D11CA4 /* Poppins-SemiBold.ttf in Resources */,
				1D93B76C28AE622600D11CA4 /* Main.storyboard in Resources */,
				1D93B7CF28AE679C00D11CA4 /* Poppins-Bold.ttf in Resources */,
			);
			runOnlyForDeploymentPostprocessing = 0;
		};
		1D93B77828AE622B00D11CA4 /* Resources */ = {
			isa = PBXResourcesBuildPhase;
			buildActionMask = 2147483647;
			files = (
			);
			runOnlyForDeploymentPostprocessing = 0;
		};
		1D93B78228AE622B00D11CA4 /* Resources */ = {
			isa = PBXResourcesBuildPhase;
			buildActionMask = 2147483647;
			files = (
			);
			runOnlyForDeploymentPostprocessing = 0;
		};
/* End PBXResourcesBuildPhase section */

/* Begin PBXShellScriptBuildPhase section */
		43EF9E93B82B1D56A7127B86 /* [CP] Embed Pods Frameworks */ = {
			isa = PBXShellScriptBuildPhase;
			buildActionMask = 2147483647;
			files = (
			);
			inputFileListPaths = (
				"${PODS_ROOT}/Target Support Files/Pods-GitUser/Pods-GitUser-frameworks-${CONFIGURATION}-input-files.xcfilelist",
			);
			name = "[CP] Embed Pods Frameworks";
			outputFileListPaths = (
				"${PODS_ROOT}/Target Support Files/Pods-GitUser/Pods-GitUser-frameworks-${CONFIGURATION}-output-files.xcfilelist",
			);
			runOnlyForDeploymentPostprocessing = 0;
			shellPath = /bin/sh;
			shellScript = "\"${PODS_ROOT}/Target Support Files/Pods-GitUser/Pods-GitUser-frameworks.sh\"\n";
			showEnvVarsInLog = 0;
		};
		767A6AE153954AD1B4F1B1A0 /* [CP] Check Pods Manifest.lock */ = {
			isa = PBXShellScriptBuildPhase;
			buildActionMask = 2147483647;
			files = (
			);
			inputFileListPaths = (
			);
			inputPaths = (
				"${PODS_PODFILE_DIR_PATH}/Podfile.lock",
				"${PODS_ROOT}/Manifest.lock",
			);
			name = "[CP] Check Pods Manifest.lock";
			outputFileListPaths = (
			);
			outputPaths = (
				"$(DERIVED_FILE_DIR)/Pods-GitUser-GitUserUITests-checkManifestLockResult.txt",
			);
			runOnlyForDeploymentPostprocessing = 0;
			shellPath = /bin/sh;
			shellScript = "diff \"${PODS_PODFILE_DIR_PATH}/Podfile.lock\" \"${PODS_ROOT}/Manifest.lock\" > /dev/null\nif [ $? != 0 ] ; then\n    # print error to STDERR\n    echo \"error: The sandbox is not in sync with the Podfile.lock. Run 'pod install' or update your CocoaPods installation.\" >&2\n    exit 1\nfi\n# This output is used by Xcode 'outputs' to avoid re-running this script phase.\necho \"SUCCESS\" > \"${SCRIPT_OUTPUT_FILE_0}\"\n";
			showEnvVarsInLog = 0;
		};
		B63D32534EB5A5E24EAA1A87 /* [CP] Check Pods Manifest.lock */ = {
			isa = PBXShellScriptBuildPhase;
			buildActionMask = 2147483647;
			files = (
			);
			inputFileListPaths = (
			);
			inputPaths = (
				"${PODS_PODFILE_DIR_PATH}/Podfile.lock",
				"${PODS_ROOT}/Manifest.lock",
			);
			name = "[CP] Check Pods Manifest.lock";
			outputFileListPaths = (
			);
			outputPaths = (
				"$(DERIVED_FILE_DIR)/Pods-GitUser-checkManifestLockResult.txt",
			);
			runOnlyForDeploymentPostprocessing = 0;
			shellPath = /bin/sh;
			shellScript = "diff \"${PODS_PODFILE_DIR_PATH}/Podfile.lock\" \"${PODS_ROOT}/Manifest.lock\" > /dev/null\nif [ $? != 0 ] ; then\n    # print error to STDERR\n    echo \"error: The sandbox is not in sync with the Podfile.lock. Run 'pod install' or update your CocoaPods installation.\" >&2\n    exit 1\nfi\n# This output is used by Xcode 'outputs' to avoid re-running this script phase.\necho \"SUCCESS\" > \"${SCRIPT_OUTPUT_FILE_0}\"\n";
			showEnvVarsInLog = 0;
		};
		CC5B3AF67CBC8C762C5F46C2 /* [CP] Check Pods Manifest.lock */ = {
			isa = PBXShellScriptBuildPhase;
			buildActionMask = 2147483647;
			files = (
			);
			inputFileListPaths = (
			);
			inputPaths = (
				"${PODS_PODFILE_DIR_PATH}/Podfile.lock",
				"${PODS_ROOT}/Manifest.lock",
			);
			name = "[CP] Check Pods Manifest.lock";
			outputFileListPaths = (
			);
			outputPaths = (
				"$(DERIVED_FILE_DIR)/Pods-GitUserTests-checkManifestLockResult.txt",
			);
			runOnlyForDeploymentPostprocessing = 0;
			shellPath = /bin/sh;
			shellScript = "diff \"${PODS_PODFILE_DIR_PATH}/Podfile.lock\" \"${PODS_ROOT}/Manifest.lock\" > /dev/null\nif [ $? != 0 ] ; then\n    # print error to STDERR\n    echo \"error: The sandbox is not in sync with the Podfile.lock. Run 'pod install' or update your CocoaPods installation.\" >&2\n    exit 1\nfi\n# This output is used by Xcode 'outputs' to avoid re-running this script phase.\necho \"SUCCESS\" > \"${SCRIPT_OUTPUT_FILE_0}\"\n";
			showEnvVarsInLog = 0;
		};
		CEDD245BDD00880282321072 /* [CP] Embed Pods Frameworks */ = {
			isa = PBXShellScriptBuildPhase;
			buildActionMask = 2147483647;
			files = (
			);
			inputFileListPaths = (
				"${PODS_ROOT}/Target Support Files/Pods-GitUserTests/Pods-GitUserTests-frameworks-${CONFIGURATION}-input-files.xcfilelist",
			);
			name = "[CP] Embed Pods Frameworks";
			outputFileListPaths = (
				"${PODS_ROOT}/Target Support Files/Pods-GitUserTests/Pods-GitUserTests-frameworks-${CONFIGURATION}-output-files.xcfilelist",
			);
			runOnlyForDeploymentPostprocessing = 0;
			shellPath = /bin/sh;
			shellScript = "\"${PODS_ROOT}/Target Support Files/Pods-GitUserTests/Pods-GitUserTests-frameworks.sh\"\n";
			showEnvVarsInLog = 0;
		};
		F4EC4C41A12D97AB98AACEF7 /* [CP] Embed Pods Frameworks */ = {
			isa = PBXShellScriptBuildPhase;
			buildActionMask = 2147483647;
			files = (
			);
			inputFileListPaths = (
				"${PODS_ROOT}/Target Support Files/Pods-GitUser-GitUserUITests/Pods-GitUser-GitUserUITests-frameworks-${CONFIGURATION}-input-files.xcfilelist",
			);
			name = "[CP] Embed Pods Frameworks";
			outputFileListPaths = (
				"${PODS_ROOT}/Target Support Files/Pods-GitUser-GitUserUITests/Pods-GitUser-GitUserUITests-frameworks-${CONFIGURATION}-output-files.xcfilelist",
			);
			runOnlyForDeploymentPostprocessing = 0;
			shellPath = /bin/sh;
			shellScript = "\"${PODS_ROOT}/Target Support Files/Pods-GitUser-GitUserUITests/Pods-GitUser-GitUserUITests-frameworks.sh\"\n";
			showEnvVarsInLog = 0;
		};
/* End PBXShellScriptBuildPhase section */

/* Begin PBXSourcesBuildPhase section */
		1D93B75D28AE622600D11CA4 /* Sources */ = {
			isa = PBXSourcesBuildPhase;
			buildActionMask = 2147483647;
			files = (
				1D93B7C528AE66FC00D11CA4 /* ThemeApp.swift in Sources */,
				1D93B76528AE622600D11CA4 /* AppDelegate.swift in Sources */,
				1D93B76728AE622600D11CA4 /* SceneDelegate.swift in Sources */,
				1D93B7B128AE65BF00D11CA4 /* FollowersFollowingVM.swift in Sources */,
				1D93B7A728AE649500D11CA4 /* BaseEntity.swift in Sources */,
				1D93B7AD28AE658100D11CA4 /* SearchForUserVM.swift in Sources */,
				1D93B7A528AE645B00D11CA4 /* User.swift in Sources */,
				1D93B7AB28AE64ED00D11CA4 /* BaseVM.swift in Sources */,
				1D93B7CC28AE676400D11CA4 /* Communication.swift in Sources */,
				1D93B7C328AE66C000D11CA4 /* LoaderUtility.swift in Sources */,
				1D93B7B328AE65E800D11CA4 /* SearchForUserVC.swift in Sources */,
				1D93B7A928AE64B600D11CA4 /* FollowersFollowingCell.swift in Sources */,
				1D93B7AF28AE659600D11CA4 /* UserInfoVM.swift in Sources */,
				1D93B7C128AE66A400D11CA4 /* Extension.swift in Sources */,
				1D93B7CA28AE675100D11CA4 /* API.swift in Sources */,
				1D93B7B728AE662400D11CA4 /* SavedUser+CoreDataProperties.swift in Sources */,
				1D93B7B928AE664300D11CA4 /* UserInfoVC.swift in Sources */,
				1D93B7C728AE672500D11CA4 /* Constants.swift in Sources */,
				1D93B7B628AE662400D11CA4 /* SavedUser+CoreDataClass.swift in Sources */,
				1D93B76F28AE622600D11CA4 /* GitUser.xcdatamodeld in Sources */,
				1D93B7BE28AE667900D11CA4 /* CoreDataManager.swift in Sources */,
				1D93B7BB28AE665700D11CA4 /* FollowersFollowingsListVC.swift in Sources */,
			);
			runOnlyForDeploymentPostprocessing = 0;
		};
		1D93B77628AE622B00D11CA4 /* Sources */ = {
			isa = PBXSourcesBuildPhase;
			buildActionMask = 2147483647;
			files = (
				1D93B77F28AE622B00D11CA4 /* GitUserTests.swift in Sources */,
			);
			runOnlyForDeploymentPostprocessing = 0;
		};
		1D93B78028AE622B00D11CA4 /* Sources */ = {
			isa = PBXSourcesBuildPhase;
			buildActionMask = 2147483647;
			files = (
				1D93B78B28AE622B00D11CA4 /* GitUserUITestsLaunchTests.swift in Sources */,
				1D93B78928AE622B00D11CA4 /* GitUserUITests.swift in Sources */,
			);
			runOnlyForDeploymentPostprocessing = 0;
		};
/* End PBXSourcesBuildPhase section */

/* Begin PBXTargetDependency section */
		1D93B77C28AE622B00D11CA4 /* PBXTargetDependency */ = {
			isa = PBXTargetDependency;
			target = 1D93B76028AE622600D11CA4 /* GitUser */;
			targetProxy = 1D93B77B28AE622B00D11CA4 /* PBXContainerItemProxy */;
		};
		1D93B78628AE622B00D11CA4 /* PBXTargetDependency */ = {
			isa = PBXTargetDependency;
			target = 1D93B76028AE622600D11CA4 /* GitUser */;
			targetProxy = 1D93B78528AE622B00D11CA4 /* PBXContainerItemProxy */;
		};
/* End PBXTargetDependency section */

/* Begin PBXVariantGroup section */
		1D93B76A28AE622600D11CA4 /* Main.storyboard */ = {
			isa = PBXVariantGroup;
			children = (
				1D93B76B28AE622600D11CA4 /* Base */,
			);
			name = Main.storyboard;
			sourceTree = "<group>";
		};
		1D93B77228AE622B00D11CA4 /* LaunchScreen.storyboard */ = {
			isa = PBXVariantGroup;
			children = (
				1D93B77328AE622B00D11CA4 /* Base */,
			);
			name = LaunchScreen.storyboard;
			sourceTree = "<group>";
		};
/* End PBXVariantGroup section */

/* Begin XCBuildConfiguration section */
		1D93B78C28AE622B00D11CA4 /* Debug */ = {
			isa = XCBuildConfiguration;
			buildSettings = {
				ALWAYS_SEARCH_USER_PATHS = NO;
				CLANG_ANALYZER_NONNULL = YES;
				CLANG_ANALYZER_NUMBER_OBJECT_CONVERSION = YES_AGGRESSIVE;
				CLANG_CXX_LANGUAGE_STANDARD = "gnu++17";
				CLANG_ENABLE_MODULES = YES;
				CLANG_ENABLE_OBJC_ARC = YES;
				CLANG_ENABLE_OBJC_WEAK = YES;
				CLANG_WARN_BLOCK_CAPTURE_AUTORELEASING = YES;
				CLANG_WARN_BOOL_CONVERSION = YES;
				CLANG_WARN_COMMA = YES;
				CLANG_WARN_CONSTANT_CONVERSION = YES;
				CLANG_WARN_DEPRECATED_OBJC_IMPLEMENTATIONS = YES;
				CLANG_WARN_DIRECT_OBJC_ISA_USAGE = YES_ERROR;
				CLANG_WARN_DOCUMENTATION_COMMENTS = YES;
				CLANG_WARN_EMPTY_BODY = YES;
				CLANG_WARN_ENUM_CONVERSION = YES;
				CLANG_WARN_INFINITE_RECURSION = YES;
				CLANG_WARN_INT_CONVERSION = YES;
				CLANG_WARN_NON_LITERAL_NULL_CONVERSION = YES;
				CLANG_WARN_OBJC_IMPLICIT_RETAIN_SELF = YES;
				CLANG_WARN_OBJC_LITERAL_CONVERSION = YES;
				CLANG_WARN_OBJC_ROOT_CLASS = YES_ERROR;
				CLANG_WARN_QUOTED_INCLUDE_IN_FRAMEWORK_HEADER = YES;
				CLANG_WARN_RANGE_LOOP_ANALYSIS = YES;
				CLANG_WARN_STRICT_PROTOTYPES = YES;
				CLANG_WARN_SUSPICIOUS_MOVE = YES;
				CLANG_WARN_UNGUARDED_AVAILABILITY = YES_AGGRESSIVE;
				CLANG_WARN_UNREACHABLE_CODE = YES;
				CLANG_WARN__DUPLICATE_METHOD_MATCH = YES;
				COPY_PHASE_STRIP = NO;
				DEBUG_INFORMATION_FORMAT = dwarf;
				ENABLE_STRICT_OBJC_MSGSEND = YES;
				ENABLE_TESTABILITY = YES;
				GCC_C_LANGUAGE_STANDARD = gnu11;
				GCC_DYNAMIC_NO_PIC = NO;
				GCC_NO_COMMON_BLOCKS = YES;
				GCC_OPTIMIZATION_LEVEL = 0;
				GCC_PREPROCESSOR_DEFINITIONS = (
					"DEBUG=1",
					"$(inherited)",
				);
				GCC_WARN_64_TO_32_BIT_CONVERSION = YES;
				GCC_WARN_ABOUT_RETURN_TYPE = YES_ERROR;
				GCC_WARN_UNDECLARED_SELECTOR = YES;
				GCC_WARN_UNINITIALIZED_AUTOS = YES_AGGRESSIVE;
				GCC_WARN_UNUSED_FUNCTION = YES;
				GCC_WARN_UNUSED_VARIABLE = YES;
				IPHONEOS_DEPLOYMENT_TARGET = 15.4;
				MTL_ENABLE_DEBUG_INFO = INCLUDE_SOURCE;
				MTL_FAST_MATH = YES;
				ONLY_ACTIVE_ARCH = YES;
				SDKROOT = iphoneos;
				SWIFT_ACTIVE_COMPILATION_CONDITIONS = DEBUG;
				SWIFT_OPTIMIZATION_LEVEL = "-Onone";
			};
			name = Debug;
		};
		1D93B78D28AE622B00D11CA4 /* Release */ = {
			isa = XCBuildConfiguration;
			buildSettings = {
				ALWAYS_SEARCH_USER_PATHS = NO;
				CLANG_ANALYZER_NONNULL = YES;
				CLANG_ANALYZER_NUMBER_OBJECT_CONVERSION = YES_AGGRESSIVE;
				CLANG_CXX_LANGUAGE_STANDARD = "gnu++17";
				CLANG_ENABLE_MODULES = YES;
				CLANG_ENABLE_OBJC_ARC = YES;
				CLANG_ENABLE_OBJC_WEAK = YES;
				CLANG_WARN_BLOCK_CAPTURE_AUTORELEASING = YES;
				CLANG_WARN_BOOL_CONVERSION = YES;
				CLANG_WARN_COMMA = YES;
				CLANG_WARN_CONSTANT_CONVERSION = YES;
				CLANG_WARN_DEPRECATED_OBJC_IMPLEMENTATIONS = YES;
				CLANG_WARN_DIRECT_OBJC_ISA_USAGE = YES_ERROR;
				CLANG_WARN_DOCUMENTATION_COMMENTS = YES;
				CLANG_WARN_EMPTY_BODY = YES;
				CLANG_WARN_ENUM_CONVERSION = YES;
				CLANG_WARN_INFINITE_RECURSION = YES;
				CLANG_WARN_INT_CONVERSION = YES;
				CLANG_WARN_NON_LITERAL_NULL_CONVERSION = YES;
				CLANG_WARN_OBJC_IMPLICIT_RETAIN_SELF = YES;
				CLANG_WARN_OBJC_LITERAL_CONVERSION = YES;
				CLANG_WARN_OBJC_ROOT_CLASS = YES_ERROR;
				CLANG_WARN_QUOTED_INCLUDE_IN_FRAMEWORK_HEADER = YES;
				CLANG_WARN_RANGE_LOOP_ANALYSIS = YES;
				CLANG_WARN_STRICT_PROTOTYPES = YES;
				CLANG_WARN_SUSPICIOUS_MOVE = YES;
				CLANG_WARN_UNGUARDED_AVAILABILITY = YES_AGGRESSIVE;
				CLANG_WARN_UNREACHABLE_CODE = YES;
				CLANG_WARN__DUPLICATE_METHOD_MATCH = YES;
				COPY_PHASE_STRIP = NO;
				DEBUG_INFORMATION_FORMAT = "dwarf-with-dsym";
				ENABLE_NS_ASSERTIONS = NO;
				ENABLE_STRICT_OBJC_MSGSEND = YES;
				GCC_C_LANGUAGE_STANDARD = gnu11;
				GCC_NO_COMMON_BLOCKS = YES;
				GCC_WARN_64_TO_32_BIT_CONVERSION = YES;
				GCC_WARN_ABOUT_RETURN_TYPE = YES_ERROR;
				GCC_WARN_UNDECLARED_SELECTOR = YES;
				GCC_WARN_UNINITIALIZED_AUTOS = YES_AGGRESSIVE;
				GCC_WARN_UNUSED_FUNCTION = YES;
				GCC_WARN_UNUSED_VARIABLE = YES;
				IPHONEOS_DEPLOYMENT_TARGET = 15.4;
				MTL_ENABLE_DEBUG_INFO = NO;
				MTL_FAST_MATH = YES;
				SDKROOT = iphoneos;
				SWIFT_COMPILATION_MODE = wholemodule;
				SWIFT_OPTIMIZATION_LEVEL = "-O";
				VALIDATE_PRODUCT = YES;
			};
			name = Release;
		};
		1D93B78F28AE622B00D11CA4 /* Debug */ = {
			isa = XCBuildConfiguration;
			baseConfigurationReference = 7A68EA0615422A576ADA079E /* Pods-GitUser.debug.xcconfig */;
			buildSettings = {
				ASSETCATALOG_COMPILER_APPICON_NAME = AppIcon;
				ASSETCATALOG_COMPILER_GLOBAL_ACCENT_COLOR_NAME = AccentColor;
				CODE_SIGN_STYLE = Automatic;
				CURRENT_PROJECT_VERSION = 1;
				DEVELOPMENT_TEAM = GHWM9XKMJV;
				GENERATE_INFOPLIST_FILE = YES;
				INFOPLIST_FILE = GitUser/Info.plist;
				INFOPLIST_KEY_UIApplicationSupportsIndirectInputEvents = YES;
				INFOPLIST_KEY_UILaunchStoryboardName = LaunchScreen;
				INFOPLIST_KEY_UIMainStoryboardFile = Main;
				INFOPLIST_KEY_UISupportedInterfaceOrientations_iPad = "UIInterfaceOrientationPortrait UIInterfaceOrientationPortraitUpsideDown UIInterfaceOrientationLandscapeLeft UIInterfaceOrientationLandscapeRight";
				INFOPLIST_KEY_UISupportedInterfaceOrientations_iPhone = "UIInterfaceOrientationPortrait UIInterfaceOrientationLandscapeLeft UIInterfaceOrientationLandscapeRight";
				LD_RUNPATH_SEARCH_PATHS = (
					"$(inherited)",
					"@executable_path/Frameworks",
				);
				MARKETING_VERSION = 1.0;
				PRODUCT_BUNDLE_IDENTIFIER = com.SafeBoda.GitUser;
				PRODUCT_NAME = "$(TARGET_NAME)";
				SWIFT_EMIT_LOC_STRINGS = YES;
				SWIFT_VERSION = 5.0;
				TARGETED_DEVICE_FAMILY = "1,2";
			};
			name = Debug;
		};
		1D93B79028AE622B00D11CA4 /* Release */ = {
			isa = XCBuildConfiguration;
			baseConfigurationReference = 29AA4B75094AEB7182E7FCDA /* Pods-GitUser.release.xcconfig */;
			buildSettings = {
				ASSETCATALOG_COMPILER_APPICON_NAME = AppIcon;
				ASSETCATALOG_COMPILER_GLOBAL_ACCENT_COLOR_NAME = AccentColor;
				CODE_SIGN_STYLE = Automatic;
				CURRENT_PROJECT_VERSION = 1;
				DEVELOPMENT_TEAM = GHWM9XKMJV;
				GENERATE_INFOPLIST_FILE = YES;
				INFOPLIST_FILE = GitUser/Info.plist;
				INFOPLIST_KEY_UIApplicationSupportsIndirectInputEvents = YES;
				INFOPLIST_KEY_UILaunchStoryboardName = LaunchScreen;
				INFOPLIST_KEY_UIMainStoryboardFile = Main;
				INFOPLIST_KEY_UISupportedInterfaceOrientations_iPad = "UIInterfaceOrientationPortrait UIInterfaceOrientationPortraitUpsideDown UIInterfaceOrientationLandscapeLeft UIInterfaceOrientationLandscapeRight";
				INFOPLIST_KEY_UISupportedInterfaceOrientations_iPhone = "UIInterfaceOrientationPortrait UIInterfaceOrientationLandscapeLeft UIInterfaceOrientationLandscapeRight";
				LD_RUNPATH_SEARCH_PATHS = (
					"$(inherited)",
					"@executable_path/Frameworks",
				);
				MARKETING_VERSION = 1.0;
				PRODUCT_BUNDLE_IDENTIFIER = com.SafeBoda.GitUser;
				PRODUCT_NAME = "$(TARGET_NAME)";
				SWIFT_EMIT_LOC_STRINGS = YES;
				SWIFT_VERSION = 5.0;
				TARGETED_DEVICE_FAMILY = "1,2";
			};
			name = Release;
		};
		1D93B79228AE622B00D11CA4 /* Debug */ = {
			isa = XCBuildConfiguration;
			baseConfigurationReference = F6118F1AA0B20FA57E02C34D /* Pods-GitUserTests.debug.xcconfig */;
			buildSettings = {
				ALWAYS_EMBED_SWIFT_STANDARD_LIBRARIES = YES;
				BUNDLE_LOADER = "$(TEST_HOST)";
				CODE_SIGN_STYLE = Automatic;
				CURRENT_PROJECT_VERSION = 1;
				DEVELOPMENT_TEAM = GHWM9XKMJV;
				GENERATE_INFOPLIST_FILE = YES;
				IPHONEOS_DEPLOYMENT_TARGET = 15.4;
				MARKETING_VERSION = 1.0;
				PRODUCT_BUNDLE_IDENTIFIER = com.SafeBoda.GitUserTests;
				PRODUCT_NAME = "$(TARGET_NAME)";
				SWIFT_EMIT_LOC_STRINGS = NO;
				SWIFT_VERSION = 5.0;
				TARGETED_DEVICE_FAMILY = "1,2";
				TEST_HOST = "$(BUILT_PRODUCTS_DIR)/GitUser.app/GitUser";
			};
			name = Debug;
		};
		1D93B79328AE622B00D11CA4 /* Release */ = {
			isa = XCBuildConfiguration;
			baseConfigurationReference = 70C83615526D86F3D58E203B /* Pods-GitUserTests.release.xcconfig */;
			buildSettings = {
				ALWAYS_EMBED_SWIFT_STANDARD_LIBRARIES = YES;
				BUNDLE_LOADER = "$(TEST_HOST)";
				CODE_SIGN_STYLE = Automatic;
				CURRENT_PROJECT_VERSION = 1;
				DEVELOPMENT_TEAM = GHWM9XKMJV;
				GENERATE_INFOPLIST_FILE = YES;
				IPHONEOS_DEPLOYMENT_TARGET = 15.4;
				MARKETING_VERSION = 1.0;
				PRODUCT_BUNDLE_IDENTIFIER = com.SafeBoda.GitUserTests;
				PRODUCT_NAME = "$(TARGET_NAME)";
				SWIFT_EMIT_LOC_STRINGS = NO;
				SWIFT_VERSION = 5.0;
				TARGETED_DEVICE_FAMILY = "1,2";
				TEST_HOST = "$(BUILT_PRODUCTS_DIR)/GitUser.app/GitUser";
			};
			name = Release;
		};
		1D93B79528AE622B00D11CA4 /* Debug */ = {
			isa = XCBuildConfiguration;
			baseConfigurationReference = 769D0F6F6DFFE000019588B6 /* Pods-GitUser-GitUserUITests.debug.xcconfig */;
			buildSettings = {
				ALWAYS_EMBED_SWIFT_STANDARD_LIBRARIES = YES;
				CODE_SIGN_STYLE = Automatic;
				CURRENT_PROJECT_VERSION = 1;
				DEVELOPMENT_TEAM = GHWM9XKMJV;
				GENERATE_INFOPLIST_FILE = YES;
				MARKETING_VERSION = 1.0;
				PRODUCT_BUNDLE_IDENTIFIER = com.SafeBoda.GitUserUITests;
				PRODUCT_NAME = "$(TARGET_NAME)";
				SWIFT_EMIT_LOC_STRINGS = NO;
				SWIFT_VERSION = 5.0;
				TARGETED_DEVICE_FAMILY = "1,2";
				TEST_TARGET_NAME = GitUser;
			};
			name = Debug;
		};
		1D93B79628AE622B00D11CA4 /* Release */ = {
			isa = XCBuildConfiguration;
			baseConfigurationReference = F2E4BACE3F6C8842A14E4DA9 /* Pods-GitUser-GitUserUITests.release.xcconfig */;
			buildSettings = {
				ALWAYS_EMBED_SWIFT_STANDARD_LIBRARIES = YES;
				CODE_SIGN_STYLE = Automatic;
				CURRENT_PROJECT_VERSION = 1;
				DEVELOPMENT_TEAM = GHWM9XKMJV;
				GENERATE_INFOPLIST_FILE = YES;
				MARKETING_VERSION = 1.0;
				PRODUCT_BUNDLE_IDENTIFIER = com.SafeBoda.GitUserUITests;
				PRODUCT_NAME = "$(TARGET_NAME)";
				SWIFT_EMIT_LOC_STRINGS = NO;
				SWIFT_VERSION = 5.0;
				TARGETED_DEVICE_FAMILY = "1,2";
				TEST_TARGET_NAME = GitUser;
			};
			name = Release;
		};
/* End XCBuildConfiguration section */

/* Begin XCConfigurationList section */
		1D93B75C28AE622600D11CA4 /* Build configuration list for PBXProject "GitUser" */ = {
			isa = XCConfigurationList;
			buildConfigurations = (
				1D93B78C28AE622B00D11CA4 /* Debug */,
				1D93B78D28AE622B00D11CA4 /* Release */,
			);
			defaultConfigurationIsVisible = 0;
			defaultConfigurationName = Release;
		};
		1D93B78E28AE622B00D11CA4 /* Build configuration list for PBXNativeTarget "GitUser" */ = {
			isa = XCConfigurationList;
			buildConfigurations = (
				1D93B78F28AE622B00D11CA4 /* Debug */,
				1D93B79028AE622B00D11CA4 /* Release */,
			);
			defaultConfigurationIsVisible = 0;
			defaultConfigurationName = Release;
		};
		1D93B79128AE622B00D11CA4 /* Build configuration list for PBXNativeTarget "GitUserTests" */ = {
			isa = XCConfigurationList;
			buildConfigurations = (
				1D93B79228AE622B00D11CA4 /* Debug */,
				1D93B79328AE622B00D11CA4 /* Release */,
			);
			defaultConfigurationIsVisible = 0;
			defaultConfigurationName = Release;
		};
		1D93B79428AE622B00D11CA4 /* Build configuration list for PBXNativeTarget "GitUserUITests" */ = {
			isa = XCConfigurationList;
			buildConfigurations = (
				1D93B79528AE622B00D11CA4 /* Debug */,
				1D93B79628AE622B00D11CA4 /* Release */,
			);
			defaultConfigurationIsVisible = 0;
			defaultConfigurationName = Release;
		};
/* End XCConfigurationList section */

/* Begin XCVersionGroup section */
		1D93B76D28AE622600D11CA4 /* GitUser.xcdatamodeld */ = {
			isa = XCVersionGroup;
			children = (
				1D93B76E28AE622600D11CA4 /* GitUser.xcdatamodel */,
			);
			currentVersion = 1D93B76E28AE622600D11CA4 /* GitUser.xcdatamodel */;
			path = GitUser.xcdatamodeld;
			sourceTree = "<group>";
			versionGroupType = wrapper.xcdatamodel;
		};
/* End XCVersionGroup section */
	};
	rootObject = 1D93B75928AE622600D11CA4 /* Project object */;
}
