// !$*UTF8*$!
{
	archiveVersion = 1;
	classes = {
	};
	objectVersion = 55;
	objects = {

/* Begin PBXBuildFile section */
		1D93B76528AE622600D11CA4 /* AppDelegate.swift in Sources */ = {isa = PBXBuildFile; fileRef = 1D93B76428AE622600D11CA4 /* AppDelegate.swift */; };
		1D93B76728AE622600D11CA4 /* SceneDelegate.swift in Sources */ = {isa = PBXBuildFile; fileRef = 1D93B76628AE622600D11CA4 /* SceneDelegate.swift */; };
		1D93B76928AE622600D11CA4 /* ViewController.swift in Sources */ = {isa = PBXBuildFile; fileRef = 1D93B76828AE622600D11CA4 /* ViewController.swift */; };
		1D93B76C28AE622600D11CA4 /* Main.storyboard in Resources */ = {isa = PBXBuildFile; fileRef = 1D93B76A28AE622600D11CA4 /* Main.storyboard */; };
		1D93B76F28AE622600D11CA4 /* GitUser.xcdatamodeld in Sources */ = {isa = PBXBuildFile; fileRef = 1D93B76D28AE622600D11CA4 /* GitUser.xcdatamodeld */; };
		1D93B77128AE622B00D11CA4 /* Assets.xcassets in Resources */ = {isa = PBXBuildFile; fileRef = 1D93B77028AE622B00D11CA4 /* Assets.xcassets */; };
		1D93B77428AE622B00D11CA4 /* LaunchScreen.storyboard in Resources */ = {isa = PBXBuildFile; fileRef = 1D93B77228AE622B00D11CA4 /* LaunchScreen.storyboard */; };
		1D93B77F28AE622B00D11CA4 /* GitUserTests.swift in Sources */ = {isa = PBXBuildFile; fileRef = 1D93B77E28AE622B00D11CA4 /* GitUserTests.swift */; };
		1D93B78928AE622B00D11CA4 /* GitUserUITests.swift in Sources */ = {isa = PBXBuildFile; fileRef = 1D93B78828AE622B00D11CA4 /* GitUserUITests.swift */; };
		1D93B78B28AE622B00D11CA4 /* GitUserUITestsLaunchTests.swift in Sources */ = {isa = PBXBuildFile; fileRef = 1D93B78A28AE622B00D11CA4 /* GitUserUITestsLaunchTests.swift */; };
/* End PBXBuildFile section */

/* Begin PBXContainerItemProxy section */
		1D93B77B28AE622B00D11CA4 /* PBXContainerItemProxy */ = {
			isa = PBXContainerItemProxy;
			containerPortal = 1D93B75928AE622600D11CA4 /* Project object */;
			proxyType = 1;
			remoteGlobalIDString = 1D93B76028AE622600D11CA4;
			remoteInfo = GitUser;
		};
		1D93B78528AE622B00D11CA4 /* PBXContainerItemProxy */ = {
			isa = PBXContainerItemProxy;
			containerPortal = 1D93B75928AE622600D11CA4 /* Project object */;
			proxyType = 1;
			remoteGlobalIDString = 1D93B76028AE622600D11CA4;
			remoteInfo = GitUser;
		};
/* End PBXContainerItemProxy section */

/* Begin PBXFileReference section */
		1D93B76128AE622600D11CA4 /* GitUser.app */ = {isa = PBXFileReference; explicitFileType = wrapper.application; includeInIndex = 0; path = GitUser.app; sourceTree = BUILT_PRODUCTS_DIR; };
		1D93B76428AE622600D11CA4 /* AppDelegate.swift */ = {isa = PBXFileReference; lastKnownFileType = sourcecode.swift; path = AppDelegate.swift; sourceTree = "<group>"; };
		1D93B76628AE622600D11CA4 /* SceneDelegate.swift */ = {isa = PBXFileReference; lastKnownFileType = sourcecode.swift; path = SceneDelegate.swift; sourceTree = "<group>"; };
		1D93B76828AE622600D11CA4 /* ViewController.swift */ = {isa = PBXFileReference; lastKnownFileType = sourcecode.swift; path = ViewController.swift; sourceTree = "<group>"; };
		1D93B76B28AE622600D11CA4 /* Base */ = {isa = PBXFileReference; lastKnownFileType = file.storyboard; name = Base; path = Base.lproj/Main.storyboard; sourceTree = "<group>"; };
		1D93B76E28AE622600D11CA4 /* GitUser.xcdatamodel */ = {isa = PBXFileReference; lastKnownFileType = wrapper.xcdatamodel; path = GitUser.xcdatamodel; sourceTree = "<group>"; };
		1D93B77028AE622B00D11CA4 /* Assets.xcassets */ = {isa = PBXFileReference; lastKnownFileType = folder.assetcatalog; path = Assets.xcassets; sourceTree = "<group>"; };
		1D93B77328AE622B00D11CA4 /* Base */ = {isa = PBXFileReference; lastKnownFileType = file.storyboard; name = Base; path = Base.lproj/LaunchScreen.storyboard; sourceTree = "<group>"; };
		1D93B77528AE622B00D11CA4 /* Info.plist */ = {isa = PBXFileReference; lastKnownFileType = text.plist.xml; path = Info.plist; sourceTree = "<group>"; };
		1D93B77A28AE622B00D11CA4 /* GitUserTests.xctest */ = {isa = PBXFileReference; explicitFileType = wrapper.cfbundle; includeInIndex = 0; path = GitUserTests.xctest; sourceTree = BUILT_PRODUCTS_DIR; };
		1D93B77E28AE622B00D11CA4 /* GitUserTests.swift */ = {isa = PBXFileReference; lastKnownFileType = sourcecode.swift; path = GitUserTests.swift; sourceTree = "<group>"; };
		1D93B78428AE622B00D11CA4 /* GitUserUITests.xctest */ = {isa = PBXFileReference; explicitFileType = wrapper.cfbundle; includeInIndex = 0; path = GitUserUITests.xctest; sourceTree = BUILT_PRODUCTS_DIR; };
		1D93B78828AE622B00D11CA4 /* GitUserUITests.swift */ = {isa = PBXFileReference; lastKnownFileType = sourcecode.swift; path = GitUserUITests.swift; sourceTree = "<group>"; };
		1D93B78A28AE622B00D11CA4 /* GitUserUITestsLaunchTests.swift */ = {isa = PBXFileReference; lastKnownFileType = sourcecode.swift; path = GitUserUITestsLaunchTests.swift; sourceTree = "<group>"; };
/* End PBXFileReference section */

/* Begin PBXFrameworksBuildPhase section */
		1D93B75E28AE622600D11CA4 /* Frameworks */ = {
			isa = PBXFrameworksBuildPhase;
			buildActionMask = 2147483647;
			files = (
			);
			runOnlyForDeploymentPostprocessing = 0;
		};
		1D93B77728AE622B00D11CA4 /* Frameworks */ = {
			isa = PBXFrameworksBuildPhase;
			buildActionMask = 2147483647;
			files = (
			);
			runOnlyForDeploymentPostprocessing = 0;
		};
		1D93B78128AE622B00D11CA4 /* Frameworks */ = {
			isa = PBXFrameworksBuildPhase;
			buildActionMask = 2147483647;
			files = (
			);
			runOnlyForDeploymentPostprocessing = 0;
		};
/* End PBXFrameworksBuildPhase section */

/* Begin PBXGroup section */
		1D93B75828AE622600D11CA4 = {
			isa = PBXGroup;
			children = (
				1D93B76328AE622600D11CA4 /* GitUser */,
				1D93B77D28AE622B00D11CA4 /* GitUserTests */,
				1D93B78728AE622B00D11CA4 /* GitUserUITests */,
				1D93B76228AE622600D11CA4 /* Products */,
			);
			sourceTree = "<group>";
		};
		1D93B76228AE622600D11CA4 /* Products */ = {
			isa = PBXGroup;
			children = (
				1D93B76128AE622600D11CA4 /* GitUser.app */,
				1D93B77A28AE622B00D11CA4 /* GitUserTests.xctest */,
				1D93B78428AE622B00D11CA4 /* GitUserUITests.xctest */,
			);
			name = Products;
			sourceTree = "<group>";
		};
		1D93B76328AE622600D11CA4 /* GitUser */ = {
			isa = PBXGroup;
			children = (
				1D93B76428AE622600D11CA4 /* AppDelegate.swift */,
				1D93B76628AE622600D11CA4 /* SceneDelegate.swift */,
				1D93B76828AE622600D11CA4 /* ViewController.swift */,
				1D93B76A28AE622600D11CA4 /* Main.storyboard */,
				1D93B77028AE622B00D11CA4 /* Assets.xcassets */,
				1D93B77228AE622B00D11CA4 /* LaunchScreen.storyboard */,
				1D93B77528AE622B00D11CA4 /* Info.plist */,
				1D93B76D28AE622600D11CA4 /* GitUser.xcdatamodeld */,
			);
			path = GitUser;
			sourceTree = "<group>";
		};
		1D93B77D28AE622B00D11CA4 /* GitUserTests */ = {
			isa = PBXGroup;
			children = (
				1D93B77E28AE622B00D11CA4 /* GitUserTests.swift */,
			);
			path = GitUserTests;
			sourceTree = "<group>";
		};
		1D93B78728AE622B00D11CA4 /* GitUserUITests */ = {
			isa = PBXGroup;
			children = (
				1D93B78828AE622B00D11CA4 /* GitUserUITests.swift */,
				1D93B78A28AE622B00D11CA4 /* GitUserUITestsLaunchTests.swift */,
			);
			path = GitUserUITests;
			sourceTree = "<group>";
		};
/* End PBXGroup section */

/* Begin PBXNativeTarget section */
		1D93B76028AE622600D11CA4 /* GitUser */ = {
			isa = PBXNativeTarget;
			buildConfigurationList = 1D93B78E28AE622B00D11CA4 /* Build configuration list for PBXNativeTarget "GitUser" */;
			buildPhases = (
				1D93B75D28AE622600D11CA4 /* Sources */,
				1D93B75E28AE622600D11CA4 /* Frameworks */,
				1D93B75F28AE622600D11CA4 /* Resources */,
			);
			buildRules = (
			);
			dependencies = (
			);
			name = GitUser;
			productName = GitUser;
			productReference = 1D93B76128AE622600D11CA4 /* GitUser.app */;
			productType = "com.apple.product-type.application";
		};
		1D93B77928AE622B00D11CA4 /* GitUserTests */ = {
			isa = PBXNativeTarget;
			buildConfigurationList = 1D93B79128AE622B00D11CA4 /* Build configuration list for PBXNativeTarget "GitUserTests" */;
			buildPhases = (
				1D93B77628AE622B00D11CA4 /* Sources */,
				1D93B77728AE622B00D11CA4 /* Frameworks */,
				1D93B77828AE622B00D11CA4 /* Resources */,
			);
			buildRules = (
			);
			dependencies = (
				1D93B77C28AE622B00D11CA4 /* PBXTargetDependency */,
			);
			name = GitUserTests;
			productName = GitUserTests;
			productReference = 1D93B77A28AE622B00D11CA4 /* GitUserTests.xctest */;
			productType = "com.apple.product-type.bundle.unit-test";
		};
		1D93B78328AE622B00D11CA4 /* GitUserUITests */ = {
			isa = PBXNativeTarget;
			buildConfigurationList = 1D93B79428AE622B00D11CA4 /* Build configuration list for PBXNativeTarget "GitUserUITests" */;
			buildPhases = (
				1D93B78028AE622B00D11CA4 /* Sources */,
				1D93B78128AE622B00D11CA4 /* Frameworks */,
				1D93B78228AE622B00D11CA4 /* Resources */,
			);
			buildRules = (
			);
			dependencies = (
				1D93B78628AE622B00D11CA4 /* PBXTargetDependency */,
			);
			name = GitUserUITests;
			productName = GitUserUITests;
			productReference = 1D93B78428AE622B00D11CA4 /* GitUserUITests.xctest */;
			productType = "com.apple.product-type.bundle.ui-testing";
		};
/* End PBXNativeTarget section */

/* Begin PBXProject section */
		1D93B75928AE622600D11CA4 /* Project object */ = {
			isa = PBXProject;
			attributes = {
				BuildIndependentTargetsInParallel = 1;
				LastSwiftUpdateCheck = 1330;
				LastUpgradeCheck = 1330;
				TargetAttributes = {
					1D93B76028AE622600D11CA4 = {
						CreatedOnToolsVersion = 13.3.1;
					};
					1D93B77928AE622B00D11CA4 = {
						CreatedOnToolsVersion = 13.3.1;
						TestTargetID = 1D93B76028AE622600D11CA4;
					};
					1D93B78328AE622B00D11CA4 = {
						CreatedOnToolsVersion = 13.3.1;
						TestTargetID = 1D93B76028AE622600D11CA4;
					};
				};
			};
			buildConfigurationList = 1D93B75C28AE622600D11CA4 /* Build configuration list for PBXProject "GitUser" */;
			compatibilityVersion = "Xcode 13.0";
			developmentRegion = en;
			hasScannedForEncodings = 0;
			knownRegions = (
				en,
				Base,
			);
			mainGroup = 1D93B75828AE622600D11CA4;
			productRefGroup = 1D93B76228AE622600D11CA4 /* Products */;
			projectDirPath = "";
			projectRoot = "";
			targets = (
				1D93B76028AE622600D11CA4 /* GitUser */,
				1D93B77928AE622B00D11CA4 /* GitUserTests */,
				1D93B78328AE622B00D11CA4 /* GitUserUITests */,
			);
		};
/* End PBXProject section */

/* Begin PBXResourcesBuildPhase section */
		1D93B75F28AE622600D11CA4 /* Resources */ = {
			isa = PBXResourcesBuildPhase;
			buildActionMask = 2147483647;
			files = (
				1D93B77428AE622B00D11CA4 /* LaunchScreen.storyboard in Resources */,
				1D93B77128AE622B00D11CA4 /* Assets.xcassets in Resources */,
				1D93B76C28AE622600D11CA4 /* Main.storyboard in Resources */,
			);
			runOnlyForDeploymentPostprocessing = 0;
		};
		1D93B77828AE622B00D11CA4 /* Resources */ = {
			isa = PBXResourcesBuildPhase;
			buildActionMask = 2147483647;
			files = (
			);
			runOnlyForDeploymentPostprocessing = 0;
		};
		1D93B78228AE622B00D11CA4 /* Resources */ = {
			isa = PBXResourcesBuildPhase;
			buildActionMask = 2147483647;
			files = (
			);
			runOnlyForDeploymentPostprocessing = 0;
		};
/* End PBXResourcesBuildPhase section */

/* Begin PBXSourcesBuildPhase section */
		1D93B75D28AE622600D11CA4 /* Sources */ = {
			isa = PBXSourcesBuildPhase;
			buildActionMask = 2147483647;
			files = (
				1D93B76928AE622600D11CA4 /* ViewController.swift in Sources */,
				1D93B76528AE622600D11CA4 /* AppDelegate.swift in Sources */,
				1D93B76728AE622600D11CA4 /* SceneDelegate.swift in Sources */,
				1D93B76F28AE622600D11CA4 /* GitUser.xcdatamodeld in Sources */,
			);
			runOnlyForDeploymentPostprocessing = 0;
		};
		1D93B77628AE622B00D11CA4 /* Sources */ = {
			isa = PBXSourcesBuildPhase;
			buildActionMask = 2147483647;
			files = (
				1D93B77F28AE622B00D11CA4 /* GitUserTests.swift in Sources */,
			);
			runOnlyForDeploymentPostprocessing = 0;
		};
		1D93B78028AE622B00D11CA4 /* Sources */ = {
			isa = PBXSourcesBuildPhase;
			buildActionMask = 2147483647;
			files = (
				1D93B78B28AE622B00D11CA4 /* GitUserUITestsLaunchTests.swift in Sources */,
				1D93B78928AE622B00D11CA4 /* GitUserUITests.swift in Sources */,
			);
			runOnlyForDeploymentPostprocessing = 0;
		};
/* End PBXSourcesBuildPhase section */

/* Begin PBXTargetDependency section */
		1D93B77C28AE622B00D11CA4 /* PBXTargetDependency */ = {
			isa = PBXTargetDependency;
			target = 1D93B76028AE622600D11CA4 /* GitUser */;
			targetProxy = 1D93B77B28AE622B00D11CA4 /* PBXContainerItemProxy */;
		};
		1D93B78628AE622B00D11CA4 /* PBXTargetDependency */ = {
			isa = PBXTargetDependency;
			target = 1D93B76028AE622600D11CA4 /* GitUser */;
			targetProxy = 1D93B78528AE622B00D11CA4 /* PBXContainerItemProxy */;
		};
/* End PBXTargetDependency section */

/* Begin PBXVariantGroup section */
		1D93B76A28AE622600D11CA4 /* Main.storyboard */ = {
			isa = PBXVariantGroup;
			children = (
				1D93B76B28AE622600D11CA4 /* Base */,
			);
			name = Main.storyboard;
			sourceTree = "<group>";
		};
		1D93B77228AE622B00D11CA4 /* LaunchScreen.storyboard */ = {
			isa = PBXVariantGroup;
			children = (
				1D93B77328AE622B00D11CA4 /* Base */,
			);
			name = LaunchScreen.storyboard;
			sourceTree = "<group>";
		};
/* End PBXVariantGroup section */

/* Begin XCBuildConfiguration section */
		1D93B78C28AE622B00D11CA4 /* Debug */ = {
			isa = XCBuildConfiguration;
			buildSettings = {
				ALWAYS_SEARCH_USER_PATHS = NO;
				CLANG_ANALYZER_NONNULL = YES;
				CLANG_ANALYZER_NUMBER_OBJECT_CONVERSION = YES_AGGRESSIVE;
				CLANG_CXX_LANGUAGE_STANDARD = "gnu++17";
				CLANG_ENABLE_MODULES = YES;
				CLANG_ENABLE_OBJC_ARC = YES;
				CLANG_ENABLE_OBJC_WEAK = YES;
				CLANG_WARN_BLOCK_CAPTURE_AUTORELEASING = YES;
				CLANG_WARN_BOOL_CONVERSION = YES;
				CLANG_WARN_COMMA = YES;
				CLANG_WARN_CONSTANT_CONVERSION = YES;
				CLANG_WARN_DEPRECATED_OBJC_IMPLEMENTATIONS = YES;
				CLANG_WARN_DIRECT_OBJC_ISA_USAGE = YES_ERROR;
				CLANG_WARN_DOCUMENTATION_COMMENTS = YES;
				CLANG_WARN_EMPTY_BODY = YES;
				CLANG_WARN_ENUM_CONVERSION = YES;
				CLANG_WARN_INFINITE_RECURSION = YES;
				CLANG_WARN_INT_CONVERSION = YES;
				CLANG_WARN_NON_LITERAL_NULL_CONVERSION = YES;
				CLANG_WARN_OBJC_IMPLICIT_RETAIN_SELF = YES;
				CLANG_WARN_OBJC_LITERAL_CONVERSION = YES;
				CLANG_WARN_OBJC_ROOT_CLASS = YES_ERROR;
				CLANG_WARN_QUOTED_INCLUDE_IN_FRAMEWORK_HEADER = YES;
				CLANG_WARN_RANGE_LOOP_ANALYSIS = YES;
				CLANG_WARN_STRICT_PROTOTYPES = YES;
				CLANG_WARN_SUSPICIOUS_MOVE = YES;
				CLANG_WARN_UNGUARDED_AVAILABILITY = YES_AGGRESSIVE;
				CLANG_WARN_UNREACHABLE_CODE = YES;
				CLANG_WARN__DUPLICATE_METHOD_MATCH = YES;
				COPY_PHASE_STRIP = NO;
				DEBUG_INFORMATION_FORMAT = dwarf;
				ENABLE_STRICT_OBJC_MSGSEND = YES;
				ENABLE_TESTABILITY = YES;
				GCC_C_LANGUAGE_STANDARD = gnu11;
				GCC_DYNAMIC_NO_PIC = NO;
				GCC_NO_COMMON_BLOCKS = YES;
				GCC_OPTIMIZATION_LEVEL = 0;
				GCC_PREPROCESSOR_DEFINITIONS = (
					"DEBUG=1",
					"$(inherited)",
				);
				GCC_WARN_64_TO_32_BIT_CONVERSION = YES;
				GCC_WARN_ABOUT_RETURN_TYPE = YES_ERROR;
				GCC_WARN_UNDECLARED_SELECTOR = YES;
				GCC_WARN_UNINITIALIZED_AUTOS = YES_AGGRESSIVE;
				GCC_WARN_UNUSED_FUNCTION = YES;
				GCC_WARN_UNUSED_VARIABLE = YES;
				IPHONEOS_DEPLOYMENT_TARGET = 15.4;
				MTL_ENABLE_DEBUG_INFO = INCLUDE_SOURCE;
				MTL_FAST_MATH = YES;
				ONLY_ACTIVE_ARCH = YES;
				SDKROOT = iphoneos;
				SWIFT_ACTIVE_COMPILATION_CONDITIONS = DEBUG;
				SWIFT_OPTIMIZATION_LEVEL = "-Onone";
			};
			name = Debug;
		};
		1D93B78D28AE622B00D11CA4 /* Release */ = {
			isa = XCBuildConfiguration;
			buildSettings = {
				ALWAYS_SEARCH_USER_PATHS = NO;
				CLANG_ANALYZER_NONNULL = YES;
				CLANG_ANALYZER_NUMBER_OBJECT_CONVERSION = YES_AGGRESSIVE;
				CLANG_CXX_LANGUAGE_STANDARD = "gnu++17";
				CLANG_ENABLE_MODULES = YES;
				CLANG_ENABLE_OBJC_ARC = YES;
				CLANG_ENABLE_OBJC_WEAK = YES;
				CLANG_WARN_BLOCK_CAPTURE_AUTORELEASING = YES;
				CLANG_WARN_BOOL_CONVERSION = YES;
				CLANG_WARN_COMMA = YES;
				CLANG_WARN_CONSTANT_CONVERSION = YES;
				CLANG_WARN_DEPRECATED_OBJC_IMPLEMENTATIONS = YES;
				CLANG_WARN_DIRECT_OBJC_ISA_USAGE = YES_ERROR;
				CLANG_WARN_DOCUMENTATION_COMMENTS = YES;
				CLANG_WARN_EMPTY_BODY = YES;
				CLANG_WARN_ENUM_CONVERSION = YES;
				CLANG_WARN_INFINITE_RECURSION = YES;
				CLANG_WARN_INT_CONVERSION = YES;
				CLANG_WARN_NON_LITERAL_NULL_CONVERSION = YES;
				CLANG_WARN_OBJC_IMPLICIT_RETAIN_SELF = YES;
				CLANG_WARN_OBJC_LITERAL_CONVERSION = YES;
				CLANG_WARN_OBJC_ROOT_CLASS = YES_ERROR;
				CLANG_WARN_QUOTED_INCLUDE_IN_FRAMEWORK_HEADER = YES;
				CLANG_WARN_RANGE_LOOP_ANALYSIS = YES;
				CLANG_WARN_STRICT_PROTOTYPES = YES;
				CLANG_WARN_SUSPICIOUS_MOVE = YES;
				CLANG_WARN_UNGUARDED_AVAILABILITY = YES_AGGRESSIVE;
				CLANG_WARN_UNREACHABLE_CODE = YES;
				CLANG_WARN__DUPLICATE_METHOD_MATCH = YES;
				COPY_PHASE_STRIP = NO;
				DEBUG_INFORMATION_FORMAT = "dwarf-with-dsym";
				ENABLE_NS_ASSERTIONS = NO;
				ENABLE_STRICT_OBJC_MSGSEND = YES;
				GCC_C_LANGUAGE_STANDARD = gnu11;
				GCC_NO_COMMON_BLOCKS = YES;
				GCC_WARN_64_TO_32_BIT_CONVERSION = YES;
				GCC_WARN_ABOUT_RETURN_TYPE = YES_ERROR;
				GCC_WARN_UNDECLARED_SELECTOR = YES;
				GCC_WARN_UNINITIALIZED_AUTOS = YES_AGGRESSIVE;
				GCC_WARN_UNUSED_FUNCTION = YES;
				GCC_WARN_UNUSED_VARIABLE = YES;
				IPHONEOS_DEPLOYMENT_TARGET = 15.4;
				MTL_ENABLE_DEBUG_INFO = NO;
				MTL_FAST_MATH = YES;
				SDKROOT = iphoneos;
				SWIFT_COMPILATION_MODE = wholemodule;
				SWIFT_OPTIMIZATION_LEVEL = "-O";
				VALIDATE_PRODUCT = YES;
			};
			name = Release;
		};
		1D93B78F28AE622B00D11CA4 /* Debug */ = {
			isa = XCBuildConfiguration;
			buildSettings = {
				ASSETCATALOG_COMPILER_APPICON_NAME = AppIcon;
				ASSETCATALOG_COMPILER_GLOBAL_ACCENT_COLOR_NAME = AccentColor;
				CODE_SIGN_STYLE = Automatic;
				CURRENT_PROJECT_VERSION = 1;
				DEVELOPMENT_TEAM = GHWM9XKMJV;
				GENERATE_INFOPLIST_FILE = YES;
				INFOPLIST_FILE = GitUser/Info.plist;
				INFOPLIST_KEY_UIApplicationSupportsIndirectInputEvents = YES;
				INFOPLIST_KEY_UILaunchStoryboardName = LaunchScreen;
				INFOPLIST_KEY_UIMainStoryboardFile = Main;
				INFOPLIST_KEY_UISupportedInterfaceOrientations_iPad = "UIInterfaceOrientationPortrait UIInterfaceOrientationPortraitUpsideDown UIInterfaceOrientationLandscapeLeft UIInterfaceOrientationLandscapeRight";
				INFOPLIST_KEY_UISupportedInterfaceOrientations_iPhone = "UIInterfaceOrientationPortrait UIInterfaceOrientationLandscapeLeft UIInterfaceOrientationLandscapeRight";
				LD_RUNPATH_SEARCH_PATHS = (
					"$(inherited)",
					"@executable_path/Frameworks",
				);
				MARKETING_VERSION = 1.0;
				PRODUCT_BUNDLE_IDENTIFIER = com.SafeBoda.GitUser;
				PRODUCT_NAME = "$(TARGET_NAME)";
				SWIFT_EMIT_LOC_STRINGS = YES;
				SWIFT_VERSION = 5.0;
				TARGETED_DEVICE_FAMILY = "1,2";
			};
			name = Debug;
		};
		1D93B79028AE622B00D11CA4 /* Release */ = {
			isa = XCBuildConfiguration;
			buildSettings = {
				ASSETCATALOG_COMPILER_APPICON_NAME = AppIcon;
				ASSETCATALOG_COMPILER_GLOBAL_ACCENT_COLOR_NAME = AccentColor;
				CODE_SIGN_STYLE = Automatic;
				CURRENT_PROJECT_VERSION = 1;
				DEVELOPMENT_TEAM = GHWM9XKMJV;
				GENERATE_INFOPLIST_FILE = YES;
				INFOPLIST_FILE = GitUser/Info.plist;
				INFOPLIST_KEY_UIApplicationSupportsIndirectInputEvents = YES;
				INFOPLIST_KEY_UILaunchStoryboardName = LaunchScreen;
				INFOPLIST_KEY_UIMainStoryboardFile = Main;
				INFOPLIST_KEY_UISupportedInterfaceOrientations_iPad = "UIInterfaceOrientationPortrait UIInterfaceOrientationPortraitUpsideDown UIInterfaceOrientationLandscapeLeft UIInterfaceOrientationLandscapeRight";
				INFOPLIST_KEY_UISupportedInterfaceOrientations_iPhone = "UIInterfaceOrientationPortrait UIInterfaceOrientationLandscapeLeft UIInterfaceOrientationLandscapeRight";
				LD_RUNPATH_SEARCH_PATHS = (
					"$(inherited)",
					"@executable_path/Frameworks",
				);
				MARKETING_VERSION = 1.0;
				PRODUCT_BUNDLE_IDENTIFIER = com.SafeBoda.GitUser;
				PRODUCT_NAME = "$(TARGET_NAME)";
				SWIFT_EMIT_LOC_STRINGS = YES;
				SWIFT_VERSION = 5.0;
				TARGETED_DEVICE_FAMILY = "1,2";
			};
			name = Release;
		};
		1D93B79228AE622B00D11CA4 /* Debug */ = {
			isa = XCBuildConfiguration;
			buildSettings = {
				ALWAYS_EMBED_SWIFT_STANDARD_LIBRARIES = YES;
				BUNDLE_LOADER = "$(TEST_HOST)";
				CODE_SIGN_STYLE = Automatic;
				CURRENT_PROJECT_VERSION = 1;
				DEVELOPMENT_TEAM = GHWM9XKMJV;
				GENERATE_INFOPLIST_FILE = YES;
				IPHONEOS_DEPLOYMENT_TARGET = 15.4;
				MARKETING_VERSION = 1.0;
				PRODUCT_BUNDLE_IDENTIFIER = com.SafeBoda.GitUserTests;
				PRODUCT_NAME = "$(TARGET_NAME)";
				SWIFT_EMIT_LOC_STRINGS = NO;
				SWIFT_VERSION = 5.0;
				TARGETED_DEVICE_FAMILY = "1,2";
				TEST_HOST = "$(BUILT_PRODUCTS_DIR)/GitUser.app/GitUser";
			};
			name = Debug;
		};
		1D93B79328AE622B00D11CA4 /* Release */ = {
			isa = XCBuildConfiguration;
			buildSettings = {
				ALWAYS_EMBED_SWIFT_STANDARD_LIBRARIES = YES;
				BUNDLE_LOADER = "$(TEST_HOST)";
				CODE_SIGN_STYLE = Automatic;
				CURRENT_PROJECT_VERSION = 1;
				DEVELOPMENT_TEAM = GHWM9XKMJV;
				GENERATE_INFOPLIST_FILE = YES;
				IPHONEOS_DEPLOYMENT_TARGET = 15.4;
				MARKETING_VERSION = 1.0;
				PRODUCT_BUNDLE_IDENTIFIER = com.SafeBoda.GitUserTests;
				PRODUCT_NAME = "$(TARGET_NAME)";
				SWIFT_EMIT_LOC_STRINGS = NO;
				SWIFT_VERSION = 5.0;
				TARGETED_DEVICE_FAMILY = "1,2";
				TEST_HOST = "$(BUILT_PRODUCTS_DIR)/GitUser.app/GitUser";
			};
			name = Release;
		};
		1D93B79528AE622B00D11CA4 /* Debug */ = {
			isa = XCBuildConfiguration;
			buildSettings = {
				ALWAYS_EMBED_SWIFT_STANDARD_LIBRARIES = YES;
				CODE_SIGN_STYLE = Automatic;
				CURRENT_PROJECT_VERSION = 1;
				DEVELOPMENT_TEAM = GHWM9XKMJV;
				GENERATE_INFOPLIST_FILE = YES;
				MARKETING_VERSION = 1.0;
				PRODUCT_BUNDLE_IDENTIFIER = com.SafeBoda.GitUserUITests;
				PRODUCT_NAME = "$(TARGET_NAME)";
				SWIFT_EMIT_LOC_STRINGS = NO;
				SWIFT_VERSION = 5.0;
				TARGETED_DEVICE_FAMILY = "1,2";
				TEST_TARGET_NAME = GitUser;
			};
			name = Debug;
		};
		1D93B79628AE622B00D11CA4 /* Release */ = {
			isa = XCBuildConfiguration;
			buildSettings = {
				ALWAYS_EMBED_SWIFT_STANDARD_LIBRARIES = YES;
				CODE_SIGN_STYLE = Automatic;
				CURRENT_PROJECT_VERSION = 1;
				DEVELOPMENT_TEAM = GHWM9XKMJV;
				GENERATE_INFOPLIST_FILE = YES;
				MARKETING_VERSION = 1.0;
				PRODUCT_BUNDLE_IDENTIFIER = com.SafeBoda.GitUserUITests;
				PRODUCT_NAME = "$(TARGET_NAME)";
				SWIFT_EMIT_LOC_STRINGS = NO;
				SWIFT_VERSION = 5.0;
				TARGETED_DEVICE_FAMILY = "1,2";
				TEST_TARGET_NAME = GitUser;
			};
			name = Release;
		};
/* End XCBuildConfiguration section */

/* Begin XCConfigurationList section */
		1D93B75C28AE622600D11CA4 /* Build configuration list for PBXProject "GitUser" */ = {
			isa = XCConfigurationList;
			buildConfigurations = (
				1D93B78C28AE622B00D11CA4 /* Debug */,
				1D93B78D28AE622B00D11CA4 /* Release */,
			);
			defaultConfigurationIsVisible = 0;
			defaultConfigurationName = Release;
		};
		1D93B78E28AE622B00D11CA4 /* Build configuration list for PBXNativeTarget "GitUser" */ = {
			isa = XCConfigurationList;
			buildConfigurations = (
				1D93B78F28AE622B00D11CA4 /* Debug */,
				1D93B79028AE622B00D11CA4 /* Release */,
			);
			defaultConfigurationIsVisible = 0;
			defaultConfigurationName = Release;
		};
		1D93B79128AE622B00D11CA4 /* Build configuration list for PBXNativeTarget "GitUserTests" */ = {
			isa = XCConfigurationList;
			buildConfigurations = (
				1D93B79228AE622B00D11CA4 /* Debug */,
				1D93B79328AE622B00D11CA4 /* Release */,
			);
			defaultConfigurationIsVisible = 0;
			defaultConfigurationName = Release;
		};
		1D93B79428AE622B00D11CA4 /* Build configuration list for PBXNativeTarget "GitUserUITests" */ = {
			isa = XCConfigurationList;
			buildConfigurations = (
				1D93B79528AE622B00D11CA4 /* Debug */,
				1D93B79628AE622B00D11CA4 /* Release */,
			);
			defaultConfigurationIsVisible = 0;
			defaultConfigurationName = Release;
		};
/* End XCConfigurationList section */

/* Begin XCVersionGroup section */
		1D93B76D28AE622600D11CA4 /* GitUser.xcdatamodeld */ = {
			isa = XCVersionGroup;
			children = (
				1D93B76E28AE622600D11CA4 /* GitUser.xcdatamodel */,
			);
			currentVersion = 1D93B76E28AE622600D11CA4 /* GitUser.xcdatamodel */;
			path = GitUser.xcdatamodeld;
			sourceTree = "<group>";
			versionGroupType = wrapper.xcdatamodel;
		};
/* End XCVersionGroup section */
	};
	rootObject = 1D93B75928AE622600D11CA4 /* Project object */;
}
